
Microsoft Visual Studio Solution File, Format Version 12.00
# Visual Studio Version 17
VisualStudioVersion = 17.9.34728.123
MinimumVisualStudioVersion = 10.0.40219.1
Project("{9A19103F-16F7-4668-BE54-9A1E7A4F7556}") = "Reviewer.UI", "Reviewer.UI\Reviewer.UI.csproj", "{71C21A70-BD3D-40C1-8DE0-624852406B69}"
EndProject
Project("{9A19103F-16F7-4668-BE54-9A1E7A4F7556}") = "Reviewer.Api", "Reviewer.Api\Reviewer.Api.csproj", "{3385CEBA-2525-49A7-A0E6-976C9522AD11}"
EndProject
Project("{9A19103F-16F7-4668-BE54-9A1E7A4F7556}") = "Reviewer.Services", "Reviewer.Services\Reviewer.Services.csproj", "{0950B3FF-8539-4B12-B1ED-A7C5305B07E3}"
EndProject
Project("{9A19103F-16F7-4668-BE54-9A1E7A4F7556}") = "Reviewer.AdminUI", "Reviewer.AdminUI\Reviewer.AdminUI.csproj", "{CBA199D5-6E8A-4C54-83DB-BF7917685BE9}"
EndProject
Project("{9A19103F-16F7-4668-BE54-9A1E7A4F7556}") = "Reviewer.Infrastructure", "Reviewer.Infrastructure\Reviewer.Infrastructure.csproj", "{43A490E5-ADE2-4CAC-A544-7FBAC6E01DCD}"
EndProject
Global
	GlobalSection(SolutionConfigurationPlatforms) = preSolution
		Debug|Any CPU = Debug|Any CPU
		Release|Any CPU = Release|Any CPU
	EndGlobalSection
	GlobalSection(ProjectConfigurationPlatforms) = postSolution
		{71C21A70-BD3D-40C1-8DE0-624852406B69}.Debug|Any CPU.ActiveCfg = Debug|Any CPU
		{71C21A70-BD3D-40C1-8DE0-624852406B69}.Debug|Any CPU.Build.0 = Debug|Any CPU
		{71C21A70-BD3D-40C1-8DE0-624852406B69}.Release|Any CPU.ActiveCfg = Release|Any CPU
		{71C21A70-BD3D-40C1-8DE0-624852406B69}.Release|Any CPU.Build.0 = Release|Any CPU
		{3385CEBA-2525-49A7-A0E6-976C9522AD11}.Debug|Any CPU.ActiveCfg = Debug|Any CPU
		{3385CEBA-2525-49A7-A0E6-976C9522AD11}.Debug|Any CPU.Build.0 = Debug|Any CPU
		{3385CEBA-2525-49A7-A0E6-976C9522AD11}.Release|Any CPU.ActiveCfg = Release|Any CPU
		{3385CEBA-2525-49A7-A0E6-976C9522AD11}.Release|Any CPU.Build.0 = Release|Any CPU
		{0950B3FF-8539-4B12-B1ED-A7C5305B07E3}.Debug|Any CPU.ActiveCfg = Debug|Any CPU
		{0950B3FF-8539-4B12-B1ED-A7C5305B07E3}.Debug|Any CPU.Build.0 = Debug|Any CPU
		{0950B3FF-8539-4B12-B1ED-A7C5305B07E3}.Release|Any CPU.ActiveCfg = Release|Any CPU
		{0950B3FF-8539-4B12-B1ED-A7C5305B07E3}.Release|Any CPU.Build.0 = Release|Any CPU
		{CBA199D5-6E8A-4C54-83DB-BF7917685BE9}.Debug|Any CPU.ActiveCfg = Debug|Any CPU
		{CBA199D5-6E8A-4C54-83DB-BF7917685BE9}.Debug|Any CPU.Build.0 = Debug|Any CPU
		{CBA199D5-6E8A-4C54-83DB-BF7917685BE9}.Release|Any CPU.ActiveCfg = Release|Any CPU
		{CBA199D5-6E8A-4C54-83DB-BF7917685BE9}.Release|Any CPU.Build.0 = Release|Any CPU
		{43A490E5-ADE2-4CAC-A544-7FBAC6E01DCD}.Debug|Any CPU.ActiveCfg = Debug|Any CPU
		{43A490E5-ADE2-4CAC-A544-7FBAC6E01DCD}.Debug|Any CPU.Build.0 = Debug|Any CPU
		{43A490E5-ADE2-4CAC-A544-7FBAC6E01DCD}.Release|Any CPU.ActiveCfg = Release|Any CPU
		{43A490E5-ADE2-4CAC-A544-7FBAC6E01DCD}.Release|Any CPU.Build.0 = Release|Any CPU
	EndGlobalSection
	GlobalSection(SolutionProperties) = preSolution
		HideSolutionNode = FALSE
	EndGlobalSection
	GlobalSection(ExtensibilityGlobals) = postSolution
		SolutionGuid = {06D62964-8455-4A57-9B0B-A6608D3E89EA}
	EndGlobalSection
EndGlobal
